{
  "name": "project-group-15",
  "version": "1.0.0",
  "lockfileVersion": 3,
  "requires": true,
  "packages": {
    "": {
      "name": "project-group-15",
      "version": "1.0.0",
      "license": "ISC",
      "dependencies": {
        "project-group-15": "file:"
      }
    },
    "node_modules/project-group-15": {
      "resolved": "",
      "link": true
    }
  }
}
